
Microsoft Visual Studio Solution File, Format Version 12.00
# Visual Studio 15
VisualStudioVersion = 15.0.27428.2037
MinimumVisualStudioVersion = 10.0.40219.1
Project("{FAE04EC0-301F-11D3-BF4B-00C04F79EFBC}") = "WebApplicationFoodField", "WebApplicationFoodField\WebApplicationFoodField.csproj", "{A18B2FCD-F962-4313-9297-9485C7B9B66B}"
EndProject
Global
	GlobalSection(SolutionConfigurationPlatforms) = preSolution
		Debug|Any CPU = Debug|Any CPU
		Release|Any CPU = Release|Any CPU
	EndGlobalSection
	GlobalSection(ProjectConfigurationPlatforms) = postSolution
		{A18B2FCD-F962-4313-9297-9485C7B9B66B}.Debug|Any CPU.ActiveCfg = Debug|Any CPU
		{A18B2FCD-F962-4313-9297-9485C7B9B66B}.Debug|Any CPU.Build.0 = Debug|Any CPU
		{A18B2FCD-F962-4313-9297-9485C7B9B66B}.Release|Any CPU.ActiveCfg = Release|Any CPU
		{A18B2FCD-F962-4313-9297-9485C7B9B66B}.Release|Any CPU.Build.0 = Release|Any CPU
	EndGlobalSection
	GlobalSection(SolutionProperties) = preSolution
		HideSolutionNode = FALSE
	EndGlobalSection
	GlobalSection(ExtensibilityGlobals) = postSolution
		SolutionGuid = {738EA5EA-2D2D-4294-AD6F-055A65004403}
	EndGlobalSection
EndGlobal
